
Microsoft Visual Studio Solution File, Format Version 12.00
# Visual Studio 15
VisualStudioVersion = 15.0.28010.2019
MinimumVisualStudioVersion = 10.0.40219.1
Project("{FAE04EC0-301F-11D3-BF4B-00C04F79EFBC}") = "Cay_Nhi_Phan", "Cay_Nhi_Phan\Cay_Nhi_Phan.csproj", "{B1188096-DBF2-4C7E-AD9A-40531ADFD7FC}"
EndProject
Global
	GlobalSection(SolutionConfigurationPlatforms) = preSolution
		Debug|Any CPU = Debug|Any CPU
		Release|Any CPU = Release|Any CPU
	EndGlobalSection
	GlobalSection(ProjectConfigurationPlatforms) = postSolution
		{B1188096-DBF2-4C7E-AD9A-40531ADFD7FC}.Debug|Any CPU.ActiveCfg = Debug|Any CPU
		{B1188096-DBF2-4C7E-AD9A-40531ADFD7FC}.Debug|Any CPU.Build.0 = Debug|Any CPU
		{B1188096-DBF2-4C7E-AD9A-40531ADFD7FC}.Release|Any CPU.ActiveCfg = Release|Any CPU
		{B1188096-DBF2-4C7E-AD9A-40531ADFD7FC}.Release|Any CPU.Build.0 = Release|Any CPU
	EndGlobalSection
	GlobalSection(SolutionProperties) = preSolution
		HideSolutionNode = FALSE
	EndGlobalSection
	GlobalSection(ExtensibilityGlobals) = postSolution
		SolutionGuid = {DF538893-26E2-44BE-9F33-EDF61F358CAC}
	EndGlobalSection
EndGlobal
